
Microsoft Visual Studio Solution File, Format Version 12.00
# Visual Studio Version 17
VisualStudioVersion = 17.1.32328.378
MinimumVisualStudioVersion = 10.0.40219.1
Project("{FAE04EC0-301F-11D3-BF4B-00C04F79EFBC}") = "home work 18.04.22", "home work 18.04.22\home work 18.04.22.csproj", "{097EC8C6-E676-4B7A-AF50-A8324E18C030}"
EndProject
Global
	GlobalSection(SolutionConfigurationPlatforms) = preSolution
		Debug|Any CPU = Debug|Any CPU
		Release|Any CPU = Release|Any CPU
	EndGlobalSection
	GlobalSection(ProjectConfigurationPlatforms) = postSolution
		{097EC8C6-E676-4B7A-AF50-A8324E18C030}.Debug|Any CPU.ActiveCfg = Debug|Any CPU
		{097EC8C6-E676-4B7A-AF50-A8324E18C030}.Debug|Any CPU.Build.0 = Debug|Any CPU
		{097EC8C6-E676-4B7A-AF50-A8324E18C030}.Release|Any CPU.ActiveCfg = Release|Any CPU
		{097EC8C6-E676-4B7A-AF50-A8324E18C030}.Release|Any CPU.Build.0 = Release|Any CPU
	EndGlobalSection
	GlobalSection(SolutionProperties) = preSolution
		HideSolutionNode = FALSE
	EndGlobalSection
	GlobalSection(ExtensibilityGlobals) = postSolution
		SolutionGuid = {3A2F2F5E-2AFF-4133-AA49-CD1E82F3D70B}
	EndGlobalSection
EndGlobal
